// !$*UTF8*$!
{
	archiveVersion = 1;
	classes = {
	};
	objectVersion = 48;
	objects = {

/* Begin PBXBuildFile section */
		909281DB20C78B6100F75C49 /* AppDelegate.m in Sources */ = {isa = PBXBuildFile; fileRef = 909281DA20C78B6100F75C49 /* AppDelegate.m */; };
		909281DE20C78B6100F75C49 /* ViewController.m in Sources */ = {isa = PBXBuildFile; fileRef = 909281DD20C78B6100F75C49 /* ViewController.m */; };
		909281E120C78B6100F75C49 /* Main.storyboard in Resources */ = {isa = PBXBuildFile; fileRef = 909281DF20C78B6100F75C49 /* Main.storyboard */; };
		909281E320C78B6100F75C49 /* Assets.xcassets in Resources */ = {isa = PBXBuildFile; fileRef = 909281E220C78B6100F75C49 /* Assets.xcassets */; };
		909281E620C78B6100F75C49 /* LaunchScreen.storyboard in Resources */ = {isa = PBXBuildFile; fileRef = 909281E420C78B6100F75C49 /* LaunchScreen.storyboard */; };
		909281E920C78B6100F75C49 /* main.m in Sources */ = {isa = PBXBuildFile; fileRef = 909281E820C78B6100F75C49 /* main.m */; };
		909281F320C78B6100F75C49 /* SelectRoomUITests.m in Sources */ = {isa = PBXBuildFile; fileRef = 909281F220C78B6100F75C49 /* SelectRoomUITests.m */; };
		9092820320C78C0500F75C49 /* TableViewCell.m in Sources */ = {isa = PBXBuildFile; fileRef = 9092820120C78C0500F75C49 /* TableViewCell.m */; };
		9092820420C78C0500F75C49 /* TableViewCell.xib in Resources */ = {isa = PBXBuildFile; fileRef = 9092820220C78C0500F75C49 /* TableViewCell.xib */; };
		9092820720C7B5EF00F75C49 /* SelectModel.m in Sources */ = {isa = PBXBuildFile; fileRef = 9092820620C7B5EF00F75C49 /* SelectModel.m */; };
/* End PBXBuildFile section */

/* Begin PBXContainerItemProxy section */
		909281EF20C78B6100F75C49 /* PBXContainerItemProxy */ = {
			isa = PBXContainerItemProxy;
			containerPortal = 909281CE20C78B6100F75C49 /* Project object */;
			proxyType = 1;
			remoteGlobalIDString = 909281D520C78B6100F75C49;
			remoteInfo = SelectRoom;
		};
/* End PBXContainerItemProxy section */

/* Begin PBXFileReference section */
		909281D620C78B6100F75C49 /* SelectRoom.app */ = {isa = PBXFileReference; explicitFileType = wrapper.application; includeInIndex = 0; path = SelectRoom.app; sourceTree = BUILT_PRODUCTS_DIR; };
		909281D920C78B6100F75C49 /* AppDelegate.h */ = {isa = PBXFileReference; lastKnownFileType = sourcecode.c.h; path = AppDelegate.h; sourceTree = "<group>"; };
		909281DA20C78B6100F75C49 /* AppDelegate.m */ = {isa = PBXFileReference; lastKnownFileType = sourcecode.c.objc; path = AppDelegate.m; sourceTree = "<group>"; };
		909281DC20C78B6100F75C49 /* ViewController.h */ = {isa = PBXFileReference; lastKnownFileType = sourcecode.c.h; path = ViewController.h; sourceTree = "<group>"; };
		909281DD20C78B6100F75C49 /* ViewController.m */ = {isa = PBXFileReference; lastKnownFileType = sourcecode.c.objc; path = ViewController.m; sourceTree = "<group>"; };
		909281E020C78B6100F75C49 /* Base */ = {isa = PBXFileReference; lastKnownFileType = file.storyboard; name = Base; path = Base.lproj/Main.storyboard; sourceTree = "<group>"; };
		909281E220C78B6100F75C49 /* Assets.xcassets */ = {isa = PBXFileReference; lastKnownFileType = folder.assetcatalog; path = Assets.xcassets; sourceTree = "<group>"; };
		909281E520C78B6100F75C49 /* Base */ = {isa = PBXFileReference; lastKnownFileType = file.storyboard; name = Base; path = Base.lproj/LaunchScreen.storyboard; sourceTree = "<group>"; };
		909281E720C78B6100F75C49 /* Info.plist */ = {isa = PBXFileReference; lastKnownFileType = text.plist.xml; path = Info.plist; sourceTree = "<group>"; };
		909281E820C78B6100F75C49 /* main.m */ = {isa = PBXFileReference; lastKnownFileType = sourcecode.c.objc; path = main.m; sourceTree = "<group>"; };
		909281EE20C78B6100F75C49 /* SelectRoomUITests.xctest */ = {isa = PBXFileReference; explicitFileType = wrapper.cfbundle; includeInIndex = 0; path = SelectRoomUITests.xctest; sourceTree = BUILT_PRODUCTS_DIR; };
		909281F220C78B6100F75C49 /* SelectRoomUITests.m */ = {isa = PBXFileReference; lastKnownFileType = sourcecode.c.objc; path = SelectRoomUITests.m; sourceTree = "<group>"; };
		909281F420C78B6100F75C49 /* Info.plist */ = {isa = PBXFileReference; lastKnownFileType = text.plist.xml; path = Info.plist; sourceTree = "<group>"; };
		9092820020C78C0500F75C49 /* TableViewCell.h */ = {isa = PBXFileReference; lastKnownFileType = sourcecode.c.h; path = TableViewCell.h; sourceTree = "<group>"; };
		9092820120C78C0500F75C49 /* TableViewCell.m */ = {isa = PBXFileReference; lastKnownFileType = sourcecode.c.objc; path = TableViewCell.m; sourceTree = "<group>"; };
		9092820220C78C0500F75C49 /* TableViewCell.xib */ = {isa = PBXFileReference; lastKnownFileType = file.xib; path = TableViewCell.xib; sourceTree = "<group>"; };
		9092820520C7B5EF00F75C49 /* SelectModel.h */ = {isa = PBXFileReference; lastKnownFileType = sourcecode.c.h; path = SelectModel.h; sourceTree = "<group>"; };
		9092820620C7B5EF00F75C49 /* SelectModel.m */ = {isa = PBXFileReference; lastKnownFileType = sourcecode.c.objc; path = SelectModel.m; sourceTree = "<group>"; };
/* End PBXFileReference section */

/* Begin PBXFrameworksBuildPhase section */
		909281D320C78B6100F75C49 /* Frameworks */ = {
			isa = PBXFrameworksBuildPhase;
			buildActionMask = 2147483647;
			files = (
			);
			runOnlyForDeploymentPostprocessing = 0;
		};
		909281EB20C78B6100F75C49 /* Frameworks */ = {
			isa = PBXFrameworksBuildPhase;
			buildActionMask = 2147483647;
			files = (
			);
			runOnlyForDeploymentPostprocessing = 0;
		};
/* End PBXFrameworksBuildPhase section */

/* Begin PBXGroup section */
		909281CD20C78B6100F75C49 = {
			isa = PBXGroup;
			children = (
				909281D820C78B6100F75C49 /* SelectRoom */,
				909281F120C78B6100F75C49 /* SelectRoomUITests */,
				909281D720C78B6100F75C49 /* Products */,
			);
			sourceTree = "<group>";
		};
		909281D720C78B6100F75C49 /* Products */ = {
			isa = PBXGroup;
			children = (
				909281D620C78B6100F75C49 /* SelectRoom.app */,
				909281EE20C78B6100F75C49 /* SelectRoomUITests.xctest */,
			);
			name = Products;
			sourceTree = "<group>";
		};
		909281D820C78B6100F75C49 /* SelectRoom */ = {
			isa = PBXGroup;
			children = (
				909281D920C78B6100F75C49 /* AppDelegate.h */,
				909281DA20C78B6100F75C49 /* AppDelegate.m */,
				909281DC20C78B6100F75C49 /* ViewController.h */,
				909281DD20C78B6100F75C49 /* ViewController.m */,
				9092820020C78C0500F75C49 /* TableViewCell.h */,
				9092820120C78C0500F75C49 /* TableViewCell.m */,
				9092820220C78C0500F75C49 /* TableViewCell.xib */,
				9092820520C7B5EF00F75C49 /* SelectModel.h */,
				9092820620C7B5EF00F75C49 /* SelectModel.m */,
				909281DF20C78B6100F75C49 /* Main.storyboard */,
				909281E220C78B6100F75C49 /* Assets.xcassets */,
				909281E420C78B6100F75C49 /* LaunchScreen.storyboard */,
				909281E720C78B6100F75C49 /* Info.plist */,
				909281E820C78B6100F75C49 /* main.m */,
			);
			path = SelectRoom;
			sourceTree = "<group>";
		};
		909281F120C78B6100F75C49 /* SelectRoomUITests */ = {
			isa = PBXGroup;
			children = (
				909281F220C78B6100F75C49 /* SelectRoomUITests.m */,
				909281F420C78B6100F75C49 /* Info.plist */,
			);
			path = SelectRoomUITests;
			sourceTree = "<group>";
		};
/* End PBXGroup section */

/* Begin PBXNativeTarget section */
		909281D520C78B6100F75C49 /* SelectRoom */ = {
			isa = PBXNativeTarget;
			buildConfigurationList = 909281F720C78B6100F75C49 /* Build configuration list for PBXNativeTarget "SelectRoom" */;
			buildPhases = (
				909281D220C78B6100F75C49 /* Sources */,
				909281D320C78B6100F75C49 /* Frameworks */,
				909281D420C78B6100F75C49 /* Resources */,
			);
			buildRules = (
			);
			dependencies = (
			);
			name = SelectRoom;
			productName = SelectRoom;
			productReference = 909281D620C78B6100F75C49 /* SelectRoom.app */;
			productType = "com.apple.product-type.application";
		};
		909281ED20C78B6100F75C49 /* SelectRoomUITests */ = {
			isa = PBXNativeTarget;
			buildConfigurationList = 909281FA20C78B6100F75C49 /* Build configuration list for PBXNativeTarget "SelectRoomUITests" */;
			buildPhases = (
				909281EA20C78B6100F75C49 /* Sources */,
				909281EB20C78B6100F75C49 /* Frameworks */,
				909281EC20C78B6100F75C49 /* Resources */,
			);
			buildRules = (
			);
			dependencies = (
				909281F020C78B6100F75C49 /* PBXTargetDependency */,
			);
			name = SelectRoomUITests;
			productName = SelectRoomUITests;
			productReference = 909281EE20C78B6100F75C49 /* SelectRoomUITests.xctest */;
			productType = "com.apple.product-type.bundle.ui-testing";
		};
/* End PBXNativeTarget section */

/* Begin PBXProject section */
		909281CE20C78B6100F75C49 /* Project object */ = {
			isa = PBXProject;
			attributes = {
				LastUpgradeCheck = 0920;
				ORGANIZATIONNAME = none;
				TargetAttributes = {
					909281D520C78B6100F75C49 = {
						CreatedOnToolsVersion = 9.2;
						ProvisioningStyle = Automatic;
					};
					909281ED20C78B6100F75C49 = {
						CreatedOnToolsVersion = 9.2;
						ProvisioningStyle = Automatic;
						TestTargetID = 909281D520C78B6100F75C49;
					};
				};
			};
			buildConfigurationList = 909281D120C78B6100F75C49 /* Build configuration list for PBXProject "SelectRoom" */;
			compatibilityVersion = "Xcode 8.0";
			developmentRegion = en;
			hasScannedForEncodings = 0;
			knownRegions = (
				en,
				Base,
			);
			mainGroup = 909281CD20C78B6100F75C49;
			productRefGroup = 909281D720C78B6100F75C49 /* Products */;
			projectDirPath = "";
			projectRoot = "";
			targets = (
				909281D520C78B6100F75C49 /* SelectRoom */,
				909281ED20C78B6100F75C49 /* SelectRoomUITests */,
			);
		};
/* End PBXProject section */

/* Begin PBXResourcesBuildPhase section */
		909281D420C78B6100F75C49 /* Resources */ = {
			isa = PBXResourcesBuildPhase;
			buildActionMask = 2147483647;
			files = (
				909281E620C78B6100F75C49 /* LaunchScreen.storyboard in Resources */,
				9092820420C78C0500F75C49 /* TableViewCell.xib in Resources */,
				909281E320C78B6100F75C49 /* Assets.xcassets in Resources */,
				909281E120C78B6100F75C49 /* Main.storyboard in Resources */,
			);
			runOnlyForDeploymentPostprocessing = 0;
		};
		909281EC20C78B6100F75C49 /* Resources */ = {
			isa = PBXResourcesBuildPhase;
			buildActionMask = 2147483647;
			files = (
			);
			runOnlyForDeploymentPostprocessing = 0;
		};
/* End PBXResourcesBuildPhase section */

/* Begin PBXSourcesBuildPhase section */
		909281D220C78B6100F75C49 /* Sources */ = {
			isa = PBXSourcesBuildPhase;
			buildActionMask = 2147483647;
			files = (
				909281DE20C78B6100F75C49 /* ViewController.m in Sources */,
				9092820320C78C0500F75C49 /* TableViewCell.m in Sources */,
				909281E920C78B6100F75C49 /* main.m in Sources */,
				9092820720C7B5EF00F75C49 /* SelectModel.m in Sources */,
				909281DB20C78B6100F75C49 /* AppDelegate.m in Sources */,
			);
			runOnlyForDeploymentPostprocessing = 0;
		};
		909281EA20C78B6100F75C49 /* Sources */ = {
			isa = PBXSourcesBuildPhase;
			buildActionMask = 2147483647;
			files = (
				909281F320C78B6100F75C49 /* SelectRoomUITests.m in Sources */,
			);
			runOnlyForDeploymentPostprocessing = 0;
		};
/* End PBXSourcesBuildPhase section */

/* Begin PBXTargetDependency section */
		909281F020C78B6100F75C49 /* PBXTargetDependency */ = {
			isa = PBXTargetDependency;
			target = 909281D520C78B6100F75C49 /* SelectRoom */;
			targetProxy = 909281EF20C78B6100F75C49 /* PBXContainerItemProxy */;
		};
/* End PBXTargetDependency section */

/* Begin PBXVariantGroup section */
		909281DF20C78B6100F75C49 /* Main.storyboard */ = {
			isa = PBXVariantGroup;
			children = (
				909281E020C78B6100F75C49 /* Base */,
			);
			name = Main.storyboard;
			sourceTree = "<group>";
		};
		909281E420C78B6100F75C49 /* LaunchScreen.storyboard */ = {
			isa = PBXVariantGroup;
			children = (
				909281E520C78B6100F75C49 /* Base */,
			);
			name = LaunchScreen.storyboard;
			sourceTree = "<group>";
		};
/* End PBXVariantGroup section */

/* Begin XCBuildConfiguration section */
		909281F520C78B6100F75C49 /* Debug */ = {
			isa = XCBuildConfiguration;
			buildSettings = {
				ALWAYS_SEARCH_USER_PATHS = NO;
				CLANG_ANALYZER_NONNULL = YES;
				CLANG_ANALYZER_NUMBER_OBJECT_CONVERSION = YES_AGGRESSIVE;
				CLANG_CXX_LANGUAGE_STANDARD = "gnu++14";
				CLANG_CXX_LIBRARY = "libc++";
				CLANG_ENABLE_MODULES = YES;
				CLANG_ENABLE_OBJC_ARC = YES;
				CLANG_WARN_BLOCK_CAPTURE_AUTORELEASING = YES;
				CLANG_WARN_BOOL_CONVERSION = YES;
				CLANG_WARN_COMMA = YES;
				CLANG_WARN_CONSTANT_CONVERSION = YES;
				CLANG_WARN_DIRECT_OBJC_ISA_USAGE = YES_ERROR;
				CLANG_WARN_DOCUMENTATION_COMMENTS = YES;
				CLANG_WARN_EMPTY_BODY = YES;
				CLANG_WARN_ENUM_CONVERSION = YES;
				CLANG_WARN_INFINITE_RECURSION = YES;
				CLANG_WARN_INT_CONVERSION = YES;
				CLANG_WARN_NON_LITERAL_NULL_CONVERSION = YES;
				CLANG_WARN_OBJC_LITERAL_CONVERSION = YES;
				CLANG_WARN_OBJC_ROOT_CLASS = YES_ERROR;
				CLANG_WARN_RANGE_LOOP_ANALYSIS = YES;
				CLANG_WARN_STRICT_PROTOTYPES = YES;
				CLANG_WARN_SUSPICIOUS_MOVE = YES;
				CLANG_WARN_UNGUARDED_AVAILABILITY = YES_AGGRESSIVE;
				CLANG_WARN_UNREACHABLE_CODE = YES;
				CLANG_WARN__DUPLICATE_METHOD_MATCH = YES;
				CODE_SIGN_IDENTITY = "iPhone Developer";
				COPY_PHASE_STRIP = NO;
				DEBUG_INFORMATION_FORMAT = dwarf;
				ENABLE_STRICT_OBJC_MSGSEND = YES;
				ENABLE_TESTABILITY = YES;
				GCC_C_LANGUAGE_STANDARD = gnu11;
				GCC_DYNAMIC_NO_PIC = NO;
				GCC_NO_COMMON_BLOCKS = YES;
				GCC_OPTIMIZATION_LEVEL = 0;
				GCC_PREPROCESSOR_DEFINITIONS = (
					"DEBUG=1",
					"$(inherited)",
				);
				GCC_WARN_64_TO_32_BIT_CONVERSION = YES;
				GCC_WARN_ABOUT_RETURN_TYPE = YES_ERROR;
				GCC_WARN_UNDECLARED_SELECTOR = YES;
				GCC_WARN_UNINITIALIZED_AUTOS = YES_AGGRESSIVE;
				GCC_WARN_UNUSED_FUNCTION = YES;
				GCC_WARN_UNUSED_VARIABLE = YES;
				IPHONEOS_DEPLOYMENT_TARGET = 11.2;
				MTL_ENABLE_DEBUG_INFO = YES;
				ONLY_ACTIVE_ARCH = YES;
				SDKROOT = iphoneos;
			};
			name = Debug;
		};
		909281F620C78B6100F75C49 /* Release */ = {
			isa = XCBuildConfiguration;
			buildSettings = {
				ALWAYS_SEARCH_USER_PATHS = NO;
				CLANG_ANALYZER_NONNULL = YES;
				CLANG_ANALYZER_NUMBER_OBJECT_CONVERSION = YES_AGGRESSIVE;
				CLANG_CXX_LANGUAGE_STANDARD = "gnu++14";
				CLANG_CXX_LIBRARY = "libc++";
				CLANG_ENABLE_MODULES = YES;
				CLANG_ENABLE_OBJC_ARC = YES;
				CLANG_WARN_BLOCK_CAPTURE_AUTORELEASING = YES;
				CLANG_WARN_BOOL_CONVERSION = YES;
				CLANG_WARN_COMMA = YES;
				CLANG_WARN_CONSTANT_CONVERSION = YES;
				CLANG_WARN_DIRECT_OBJC_ISA_USAGE = YES_ERROR;
				CLANG_WARN_DOCUMENTATION_COMMENTS = YES;
				CLANG_WARN_EMPTY_BODY = YES;
				CLANG_WARN_ENUM_CONVERSION = YES;
				CLANG_WARN_INFINITE_RECURSION = YES;
				CLANG_WARN_INT_CONVERSION = YES;
				CLANG_WARN_NON_LITERAL_NULL_CONVERSION = YES;
				CLANG_WARN_OBJC_LITERAL_CONVERSION = YES;
				CLANG_WARN_OBJC_ROOT_CLASS = YES_ERROR;
				CLANG_WARN_RANGE_LOOP_ANALYSIS = YES;
				CLANG_WARN_STRICT_PROTOTYPES = YES;
				CLANG_WARN_SUSPICIOUS_MOVE = YES;
				CLANG_WARN_UNGUARDED_AVAILABILITY = YES_AGGRESSIVE;
				CLANG_WARN_UNREACHABLE_CODE = YES;
				CLANG_WARN__DUPLICATE_METHOD_MATCH = YES;
				CODE_SIGN_IDENTITY = "iPhone Developer";
				COPY_PHASE_STRIP = NO;
				DEBUG_INFORMATION_FORMAT = "dwarf-with-dsym";
				ENABLE_NS_ASSERTIONS = NO;
				ENABLE_STRICT_OBJC_MSGSEND = YES;
				GCC_C_LANGUAGE_STANDARD = gnu11;
				GCC_NO_COMMON_BLOCKS = YES;
				GCC_WARN_64_TO_32_BIT_CONVERSION = YES;
				GCC_WARN_ABOUT_RETURN_TYPE = YES_ERROR;
				GCC_WARN_UNDECLARED_SELECTOR = YES;
				GCC_WARN_UNINITIALIZED_AUTOS = YES_AGGRESSIVE;
				GCC_WARN_UNUSED_FUNCTION = YES;
				GCC_WARN_UNUSED_VARIABLE = YES;
				IPHONEOS_DEPLOYMENT_TARGET = 11.2;
				MTL_ENABLE_DEBUG_INFO = NO;
				SDKROOT = iphoneos;
				VALIDATE_PRODUCT = YES;
			};
			name = Release;
		};
		909281F820C78B6100F75C49 /* Debug */ = {
			isa = XCBuildConfiguration;
			buildSettings = {
				ASSETCATALOG_COMPILER_APPICON_NAME = AppIcon;
				CODE_SIGN_STYLE = Automatic;
				INFOPLIST_FILE = SelectRoom/Info.plist;
				LD_RUNPATH_SEARCH_PATHS = "$(inherited) @executable_path/Frameworks";
				PRODUCT_BUNDLE_IDENTIFIER = "lvhaoyang86-163.com.SelectRoom";
				PRODUCT_NAME = "$(TARGET_NAME)";
				TARGETED_DEVICE_FAMILY = "1,2";
			};
			name = Debug;
		};
		909281F920C78B6100F75C49 /* Release */ = {
			isa = XCBuildConfiguration;
			buildSettings = {
				ASSETCATALOG_COMPILER_APPICON_NAME = AppIcon;
				CODE_SIGN_STYLE = Automatic;
				INFOPLIST_FILE = SelectRoom/Info.plist;
				LD_RUNPATH_SEARCH_PATHS = "$(inherited) @executable_path/Frameworks";
				PRODUCT_BUNDLE_IDENTIFIER = "lvhaoyang86-163.com.SelectRoom";
				PRODUCT_NAME = "$(TARGET_NAME)";
				TARGETED_DEVICE_FAMILY = "1,2";
			};
			name = Release;
		};
		909281FB20C78B6100F75C49 /* Debug */ = {
			isa = XCBuildConfiguration;
			buildSettings = {
				CODE_SIGN_STYLE = Automatic;
				INFOPLIST_FILE = SelectRoomUITests/Info.plist;
				LD_RUNPATH_SEARCH_PATHS = "$(inherited) @executable_path/Frameworks @loader_path/Frameworks";
				PRODUCT_BUNDLE_IDENTIFIER = "lvhaoyang86-163.com.SelectRoomUITests";
				PRODUCT_NAME = "$(TARGET_NAME)";
				TARGETED_DEVICE_FAMILY = "1,2";
				TEST_TARGET_NAME = SelectRoom;
			};
			name = Debug;
		};
		909281FC20C78B6100F75C49 /* Release */ = {
			isa = XCBuildConfiguration;
			buildSettings = {
				CODE_SIGN_STYLE = Automatic;
				INFOPLIST_FILE = SelectRoomUITests/Info.plist;
				LD_RUNPATH_SEARCH_PATHS = "$(inherited) @executable_path/Frameworks @loader_path/Frameworks";
				PRODUCT_BUNDLE_IDENTIFIER = "lvhaoyang86-163.com.SelectRoomUITests";
				PRODUCT_NAME = "$(TARGET_NAME)";
				TARGETED_DEVICE_FAMILY = "1,2";
				TEST_TARGET_NAME = SelectRoom;
			};
			name = Release;
		};
/* End XCBuildConfiguration section */

/* Begin XCConfigurationList section */
		909281D120C78B6100F75C49 /* Build configuration list for PBXProject "SelectRoom" */ = {
			isa = XCConfigurationList;
			buildConfigurations = (
				909281F520C78B6100F75C49 /* Debug */,
				909281F620C78B6100F75C49 /* Release */,
			);
			defaultConfigurationIsVisible = 0;
			defaultConfigurationName = Release;
		};
		909281F720C78B6100F75C49 /* Build configuration list for PBXNativeTarget "SelectRoom" */ = {
			isa = XCConfigurationList;
			buildConfigurations = (
				909281F820C78B6100F75C49 /* Debug */,
				909281F920C78B6100F75C49 /* Release */,
			);
			defaultConfigurationIsVisible = 0;
			defaultConfigurationName = Release;
		};
		909281FA20C78B6100F75C49 /* Build configuration list for PBXNativeTarget "SelectRoomUITests" */ = {
			isa = XCConfigurationList;
			buildConfigurations = (
				909281FB20C78B6100F75C49 /* Debug */,
				909281FC20C78B6100F75C49 /* Release */,
			);
			defaultConfigurationIsVisible = 0;
			defaultConfigurationName = Release;
		};
/* End XCConfigurationList section */
	};
	rootObject = 909281CE20C78B6100F75C49 /* Project object */;
}
